
Microsoft Visual Studio Solution File, Format Version 12.00
# Visual Studio Version 16
VisualStudioVersion = 16.0.29728.190
MinimumVisualStudioVersion = 10.0.40219.1
Project("{FAE04EC0-301F-11D3-BF4B-00C04F79EFBC}") = "API-ToBeHero", "API-ToBeHero.csproj", "{A037E441-661E-4F4E-BEE5-19AA0F5E5C0B}"
EndProject
Global
	GlobalSection(SolutionConfigurationPlatforms) = preSolution
		Debug|Any CPU = Debug|Any CPU
		Release|Any CPU = Release|Any CPU
	EndGlobalSection
	GlobalSection(ProjectConfigurationPlatforms) = postSolution
		{A037E441-661E-4F4E-BEE5-19AA0F5E5C0B}.Debug|Any CPU.ActiveCfg = Debug|Any CPU
		{A037E441-661E-4F4E-BEE5-19AA0F5E5C0B}.Debug|Any CPU.Build.0 = Debug|Any CPU
		{A037E441-661E-4F4E-BEE5-19AA0F5E5C0B}.Release|Any CPU.ActiveCfg = Release|Any CPU
		{A037E441-661E-4F4E-BEE5-19AA0F5E5C0B}.Release|Any CPU.Build.0 = Release|Any CPU
	EndGlobalSection
	GlobalSection(SolutionProperties) = preSolution
		HideSolutionNode = FALSE
	EndGlobalSection
	GlobalSection(ExtensibilityGlobals) = postSolution
		SolutionGuid = {BBB7229B-958D-484B-BC69-9E7FDD3C0FB7}
	EndGlobalSection
EndGlobal
